
Microsoft Visual Studio Solution File, Format Version 12.00
# Visual Studio 15
VisualStudioVersion = 15.0.28010.2048
MinimumVisualStudioVersion = 10.0.40219.1
Project("{FAE04EC0-301F-11D3-BF4B-00C04F79EFBC}") = "WindowsXmlAdd", "WindowsXmlAdd\WindowsXmlAdd.csproj", "{B6BC4360-B5FF-4DDC-B3DE-AB0402C016C0}"
EndProject
Global
	GlobalSection(SolutionConfigurationPlatforms) = preSolution
		Debug|Any CPU = Debug|Any CPU
		Release|Any CPU = Release|Any CPU
	EndGlobalSection
	GlobalSection(ProjectConfigurationPlatforms) = postSolution
		{B6BC4360-B5FF-4DDC-B3DE-AB0402C016C0}.Debug|Any CPU.ActiveCfg = Debug|Any CPU
		{B6BC4360-B5FF-4DDC-B3DE-AB0402C016C0}.Debug|Any CPU.Build.0 = Debug|Any CPU
		{B6BC4360-B5FF-4DDC-B3DE-AB0402C016C0}.Release|Any CPU.ActiveCfg = Release|Any CPU
		{B6BC4360-B5FF-4DDC-B3DE-AB0402C016C0}.Release|Any CPU.Build.0 = Release|Any CPU
	EndGlobalSection
	GlobalSection(SolutionProperties) = preSolution
		HideSolutionNode = FALSE
	EndGlobalSection
	GlobalSection(ExtensibilityGlobals) = postSolution
		SolutionGuid = {F77F0657-B224-44E2-A85D-98E89862F194}
	EndGlobalSection
EndGlobal
